
Microsoft Visual Studio Solution File, Format Version 12.00
# Visual Studio Version 17
VisualStudioVersion = 17.6.33829.357
MinimumVisualStudioVersion = 10.0.40219.1
Project("{FAE04EC0-301F-11D3-BF4B-00C04F79EFBC}") = "Carros", "Carros\Carros.csproj", "{4B5E6207-E039-4724-B979-2F999F060562}"
EndProject
Global
	GlobalSection(SolutionConfigurationPlatforms) = preSolution
		Debug|Any CPU = Debug|Any CPU
		Release|Any CPU = Release|Any CPU
	EndGlobalSection
	GlobalSection(ProjectConfigurationPlatforms) = postSolution
		{4B5E6207-E039-4724-B979-2F999F060562}.Debug|Any CPU.ActiveCfg = Debug|Any CPU
		{4B5E6207-E039-4724-B979-2F999F060562}.Debug|Any CPU.Build.0 = Debug|Any CPU
		{4B5E6207-E039-4724-B979-2F999F060562}.Release|Any CPU.ActiveCfg = Release|Any CPU
		{4B5E6207-E039-4724-B979-2F999F060562}.Release|Any CPU.Build.0 = Release|Any CPU
	EndGlobalSection
	GlobalSection(SolutionProperties) = preSolution
		HideSolutionNode = FALSE
	EndGlobalSection
	GlobalSection(ExtensibilityGlobals) = postSolution
		SolutionGuid = {EBA21405-BCF4-46A3-834B-1957CB3E4753}
	EndGlobalSection
EndGlobal
